// !$*UTF8*$!
{
	archiveVersion = 1;
	classes = {
	};
	objectVersion = 46;
	objects = {

/* Begin PBXBuildFile section */
		B7E754431991D834001F0733 /* Foundation.framework in Frameworks */ = {isa = PBXBuildFile; fileRef = B7E754421991D834001F0733 /* Foundation.framework */; };
		B7E754451991D834001F0733 /* CoreGraphics.framework in Frameworks */ = {isa = PBXBuildFile; fileRef = B7E754441991D834001F0733 /* CoreGraphics.framework */; };
		B7E754471991D834001F0733 /* UIKit.framework in Frameworks */ = {isa = PBXBuildFile; fileRef = B7E754461991D834001F0733 /* UIKit.framework */; };
		B7E7544D1991D834001F0733 /* InfoPlist.strings in Resources */ = {isa = PBXBuildFile; fileRef = B7E7544B1991D834001F0733 /* InfoPlist.strings */; };
		B7E7544F1991D834001F0733 /* main.m in Sources */ = {isa = PBXBuildFile; fileRef = B7E7544E1991D834001F0733 /* main.m */; };
		B7E754531991D834001F0733 /* AppDelegate.m in Sources */ = {isa = PBXBuildFile; fileRef = B7E754521991D834001F0733 /* AppDelegate.m */; };
		B7E754551991D834001F0733 /* Images.xcassets in Resources */ = {isa = PBXBuildFile; fileRef = B7E754541991D834001F0733 /* Images.xcassets */; };
		B7E7545C1991D834001F0733 /* XCTest.framework in Frameworks */ = {isa = PBXBuildFile; fileRef = B7E7545B1991D834001F0733 /* XCTest.framework */; };
		B7E7545D1991D834001F0733 /* Foundation.framework in Frameworks */ = {isa = PBXBuildFile; fileRef = B7E754421991D834001F0733 /* Foundation.framework */; };
		B7E7545E1991D834001F0733 /* UIKit.framework in Frameworks */ = {isa = PBXBuildFile; fileRef = B7E754461991D834001F0733 /* UIKit.framework */; };
		B7E754661991D834001F0733 /* InfoPlist.strings in Resources */ = {isa = PBXBuildFile; fileRef = B7E754641991D834001F0733 /* InfoPlist.strings */; };
		B7E754681991D834001F0733 /* grouppurchaseTests.m in Sources */ = {isa = PBXBuildFile; fileRef = B7E754671991D834001F0733 /* grouppurchaseTests.m */; };
/* End PBXBuildFile section */

/* Begin PBXContainerItemProxy section */
		B7E7545F1991D834001F0733 /* PBXContainerItemProxy */ = {
			isa = PBXContainerItemProxy;
			containerPortal = B7E754371991D834001F0733 /* Project object */;
			proxyType = 1;
			remoteGlobalIDString = B7E7543E1991D834001F0733;
			remoteInfo = grouppurchase;
		};
/* End PBXContainerItemProxy section */

/* Begin PBXFileReference section */
		B7E7543F1991D834001F0733 /* grouppurchase.app */ = {isa = PBXFileReference; explicitFileType = wrapper.application; includeInIndex = 0; path = grouppurchase.app; sourceTree = BUILT_PRODUCTS_DIR; };
		B7E754421991D834001F0733 /* Foundation.framework */ = {isa = PBXFileReference; lastKnownFileType = wrapper.framework; name = Foundation.framework; path = System/Library/Frameworks/Foundation.framework; sourceTree = SDKROOT; };
		B7E754441991D834001F0733 /* CoreGraphics.framework */ = {isa = PBXFileReference; lastKnownFileType = wrapper.framework; name = CoreGraphics.framework; path = System/Library/Frameworks/CoreGraphics.framework; sourceTree = SDKROOT; };
		B7E754461991D834001F0733 /* UIKit.framework */ = {isa = PBXFileReference; lastKnownFileType = wrapper.framework; name = UIKit.framework; path = System/Library/Frameworks/UIKit.framework; sourceTree = SDKROOT; };
		B7E7544A1991D834001F0733 /* grouppurchase-Info.plist */ = {isa = PBXFileReference; lastKnownFileType = text.plist.xml; path = "grouppurchase-Info.plist"; sourceTree = "<group>"; };
		B7E7544C1991D834001F0733 /* en */ = {isa = PBXFileReference; lastKnownFileType = text.plist.strings; name = en; path = en.lproj/InfoPlist.strings; sourceTree = "<group>"; };
		B7E7544E1991D834001F0733 /* main.m */ = {isa = PBXFileReference; lastKnownFileType = sourcecode.c.objc; path = main.m; sourceTree = "<group>"; };
		B7E754501991D834001F0733 /* grouppurchase-Prefix.pch */ = {isa = PBXFileReference; lastKnownFileType = sourcecode.c.h; path = "grouppurchase-Prefix.pch"; sourceTree = "<group>"; };
		B7E754511991D834001F0733 /* AppDelegate.h */ = {isa = PBXFileReference; lastKnownFileType = sourcecode.c.h; path = AppDelegate.h; sourceTree = "<group>"; };
		B7E754521991D834001F0733 /* AppDelegate.m */ = {isa = PBXFileReference; lastKnownFileType = sourcecode.c.objc; path = AppDelegate.m; sourceTree = "<group>"; };
		B7E754541991D834001F0733 /* Images.xcassets */ = {isa = PBXFileReference; lastKnownFileType = folder.assetcatalog; path = Images.xcassets; sourceTree = "<group>"; };
		B7E7545A1991D834001F0733 /* grouppurchaseTests.xctest */ = {isa = PBXFileReference; explicitFileType = wrapper.cfbundle; includeInIndex = 0; path = grouppurchaseTests.xctest; sourceTree = BUILT_PRODUCTS_DIR; };
		B7E7545B1991D834001F0733 /* XCTest.framework */ = {isa = PBXFileReference; lastKnownFileType = wrapper.framework; name = XCTest.framework; path = Library/Frameworks/XCTest.framework; sourceTree = DEVELOPER_DIR; };
		B7E754631991D834001F0733 /* grouppurchaseTests-Info.plist */ = {isa = PBXFileReference; lastKnownFileType = text.plist.xml; path = "grouppurchaseTests-Info.plist"; sourceTree = "<group>"; };
		B7E754651991D834001F0733 /* en */ = {isa = PBXFileReference; lastKnownFileType = text.plist.strings; name = en; path = en.lproj/InfoPlist.strings; sourceTree = "<group>"; };
		B7E754671991D834001F0733 /* grouppurchaseTests.m */ = {isa = PBXFileReference; lastKnownFileType = sourcecode.c.objc; path = grouppurchaseTests.m; sourceTree = "<group>"; };
/* End PBXFileReference section */

/* Begin PBXFrameworksBuildPhase section */
		B7E7543C1991D834001F0733 /* Frameworks */ = {
			isa = PBXFrameworksBuildPhase;
			buildActionMask = 2147483647;
			files = (
				B7E754451991D834001F0733 /* CoreGraphics.framework in Frameworks */,
				B7E754471991D834001F0733 /* UIKit.framework in Frameworks */,
				B7E754431991D834001F0733 /* Foundation.framework in Frameworks */,
			);
			runOnlyForDeploymentPostprocessing = 0;
		};
		B7E754571991D834001F0733 /* Frameworks */ = {
			isa = PBXFrameworksBuildPhase;
			buildActionMask = 2147483647;
			files = (
				B7E7545C1991D834001F0733 /* XCTest.framework in Frameworks */,
				B7E7545E1991D834001F0733 /* UIKit.framework in Frameworks */,
				B7E7545D1991D834001F0733 /* Foundation.framework in Frameworks */,
			);
			runOnlyForDeploymentPostprocessing = 0;
		};
/* End PBXFrameworksBuildPhase section */

/* Begin PBXGroup section */
		B7E754361991D834001F0733 = {
			isa = PBXGroup;
			children = (
				B7E754481991D834001F0733 /* grouppurchase */,
				B7E754611991D834001F0733 /* grouppurchaseTests */,
				B7E754411991D834001F0733 /* Frameworks */,
				B7E754401991D834001F0733 /* Products */,
			);
			sourceTree = "<group>";
		};
		B7E754401991D834001F0733 /* Products */ = {
			isa = PBXGroup;
			children = (
				B7E7543F1991D834001F0733 /* grouppurchase.app */,
				B7E7545A1991D834001F0733 /* grouppurchaseTests.xctest */,
			);
			name = Products;
			sourceTree = "<group>";
		};
		B7E754411991D834001F0733 /* Frameworks */ = {
			isa = PBXGroup;
			children = (
				B7E754421991D834001F0733 /* Foundation.framework */,
				B7E754441991D834001F0733 /* CoreGraphics.framework */,
				B7E754461991D834001F0733 /* UIKit.framework */,
				B7E7545B1991D834001F0733 /* XCTest.framework */,
			);
			name = Frameworks;
			sourceTree = "<group>";
		};
		B7E754481991D834001F0733 /* grouppurchase */ = {
			isa = PBXGroup;
			children = (
				B7E754511991D834001F0733 /* AppDelegate.h */,
				B7E754521991D834001F0733 /* AppDelegate.m */,
				B7E754541991D834001F0733 /* Images.xcassets */,
				B7E754491991D834001F0733 /* Supporting Files */,
			);
			path = grouppurchase;
			sourceTree = "<group>";
		};
		B7E754491991D834001F0733 /* Supporting Files */ = {
			isa = PBXGroup;
			children = (
				B7E7544A1991D834001F0733 /* grouppurchase-Info.plist */,
				B7E7544B1991D834001F0733 /* InfoPlist.strings */,
				B7E7544E1991D834001F0733 /* main.m */,
				B7E754501991D834001F0733 /* grouppurchase-Prefix.pch */,
			);
			name = "Supporting Files";
			sourceTree = "<group>";
		};
		B7E754611991D834001F0733 /* grouppurchaseTests */ = {
			isa = PBXGroup;
			children = (
				B7E754671991D834001F0733 /* grouppurchaseTests.m */,
				B7E754621991D834001F0733 /* Supporting Files */,
			);
			path = grouppurchaseTests;
			sourceTree = "<group>";
		};
		B7E754621991D834001F0733 /* Supporting Files */ = {
			isa = PBXGroup;
			children = (
				B7E754631991D834001F0733 /* grouppurchaseTests-Info.plist */,
				B7E754641991D834001F0733 /* InfoPlist.strings */,
			);
			name = "Supporting Files";
			sourceTree = "<group>";
		};
/* End PBXGroup section */

/* Begin PBXNativeTarget section */
		B7E7543E1991D834001F0733 /* grouppurchase */ = {
			isa = PBXNativeTarget;
			buildConfigurationList = B7E7546B1991D834001F0733 /* Build configuration list for PBXNativeTarget "grouppurchase" */;
			buildPhases = (
				B7E7543B1991D834001F0733 /* Sources */,
				B7E7543C1991D834001F0733 /* Frameworks */,
				B7E7543D1991D834001F0733 /* Resources */,
			);
			buildRules = (
			);
			dependencies = (
			);
			name = grouppurchase;
			productName = grouppurchase;
			productReference = B7E7543F1991D834001F0733 /* grouppurchase.app */;
			productType = "com.apple.product-type.application";
		};
		B7E754591991D834001F0733 /* grouppurchaseTests */ = {
			isa = PBXNativeTarget;
			buildConfigurationList = B7E7546E1991D834001F0733 /* Build configuration list for PBXNativeTarget "grouppurchaseTests" */;
			buildPhases = (
				B7E754561991D834001F0733 /* Sources */,
				B7E754571991D834001F0733 /* Frameworks */,
				B7E754581991D834001F0733 /* Resources */,
			);
			buildRules = (
			);
			dependencies = (
				B7E754601991D834001F0733 /* PBXTargetDependency */,
			);
			name = grouppurchaseTests;
			productName = grouppurchaseTests;
			productReference = B7E7545A1991D834001F0733 /* grouppurchaseTests.xctest */;
			productType = "com.apple.product-type.bundle.unit-test";
		};
/* End PBXNativeTarget section */

/* Begin PBXProject section */
		B7E754371991D834001F0733 /* Project object */ = {
			isa = PBXProject;
			attributes = {
				LastUpgradeCheck = 0510;
				ORGANIZATIONNAME = Personal;
				TargetAttributes = {
					B7E754591991D834001F0733 = {
						TestTargetID = B7E7543E1991D834001F0733;
					};
				};
			};
			buildConfigurationList = B7E7543A1991D834001F0733 /* Build configuration list for PBXProject "grouppurchase" */;
			compatibilityVersion = "Xcode 3.2";
			developmentRegion = English;
			hasScannedForEncodings = 0;
			knownRegions = (
				en,
			);
			mainGroup = B7E754361991D834001F0733;
			productRefGroup = B7E754401991D834001F0733 /* Products */;
			projectDirPath = "";
			projectRoot = "";
			targets = (
				B7E7543E1991D834001F0733 /* grouppurchase */,
				B7E754591991D834001F0733 /* grouppurchaseTests */,
			);
		};
/* End PBXProject section */

/* Begin PBXResourcesBuildPhase section */
		B7E7543D1991D834001F0733 /* Resources */ = {
			isa = PBXResourcesBuildPhase;
			buildActionMask = 2147483647;
			files = (
				B7E7544D1991D834001F0733 /* InfoPlist.strings in Resources */,
				B7E754551991D834001F0733 /* Images.xcassets in Resources */,
			);
			runOnlyForDeploymentPostprocessing = 0;
		};
		B7E754581991D834001F0733 /* Resources */ = {
			isa = PBXResourcesBuildPhase;
			buildActionMask = 2147483647;
			files = (
				B7E754661991D834001F0733 /* InfoPlist.strings in Resources */,
			);
			runOnlyForDeploymentPostprocessing = 0;
		};
/* End PBXResourcesBuildPhase section */

/* Begin PBXSourcesBuildPhase section */
		B7E7543B1991D834001F0733 /* Sources */ = {
			isa = PBXSourcesBuildPhase;
			buildActionMask = 2147483647;
			files = (
				B7E754531991D834001F0733 /* AppDelegate.m in Sources */,
				B7E7544F1991D834001F0733 /* main.m in Sources */,
			);
			runOnlyForDeploymentPostprocessing = 0;
		};
		B7E754561991D834001F0733 /* Sources */ = {
			isa = PBXSourcesBuildPhase;
			buildActionMask = 2147483647;
			files = (
				B7E754681991D834001F0733 /* grouppurchaseTests.m in Sources */,
			);
			runOnlyForDeploymentPostprocessing = 0;
		};
/* End PBXSourcesBuildPhase section */

/* Begin PBXTargetDependency section */
		B7E754601991D834001F0733 /* PBXTargetDependency */ = {
			isa = PBXTargetDependency;
			target = B7E7543E1991D834001F0733 /* grouppurchase */;
			targetProxy = B7E7545F1991D834001F0733 /* PBXContainerItemProxy */;
		};
/* End PBXTargetDependency section */

/* Begin PBXVariantGroup section */
		B7E7544B1991D834001F0733 /* InfoPlist.strings */ = {
			isa = PBXVariantGroup;
			children = (
				B7E7544C1991D834001F0733 /* en */,
			);
			name = InfoPlist.strings;
			sourceTree = "<group>";
		};
		B7E754641991D834001F0733 /* InfoPlist.strings */ = {
			isa = PBXVariantGroup;
			children = (
				B7E754651991D834001F0733 /* en */,
			);
			name = InfoPlist.strings;
			sourceTree = "<group>";
		};
/* End PBXVariantGroup section */

/* Begin XCBuildConfiguration section */
		B7E754691991D834001F0733 /* Debug */ = {
			isa = XCBuildConfiguration;
			buildSettings = {
				ALWAYS_SEARCH_USER_PATHS = NO;
				CLANG_CXX_LANGUAGE_STANDARD = "gnu++0x";
				CLANG_CXX_LIBRARY = "libc++";
				CLANG_ENABLE_MODULES = YES;
				CLANG_ENABLE_OBJC_ARC = YES;
				CLANG_WARN_BOOL_CONVERSION = YES;
				CLANG_WARN_CONSTANT_CONVERSION = YES;
				CLANG_WARN_DIRECT_OBJC_ISA_USAGE = YES_ERROR;
				CLANG_WARN_EMPTY_BODY = YES;
				CLANG_WARN_ENUM_CONVERSION = YES;
				CLANG_WARN_INT_CONVERSION = YES;
				CLANG_WARN_OBJC_ROOT_CLASS = YES_ERROR;
				CLANG_WARN__DUPLICATE_METHOD_MATCH = YES;
				"CODE_SIGN_IDENTITY[sdk=iphoneos*]" = "iPhone Developer";
				COPY_PHASE_STRIP = NO;
				GCC_C_LANGUAGE_STANDARD = gnu99;
				GCC_DYNAMIC_NO_PIC = NO;
				GCC_OPTIMIZATION_LEVEL = 0;
				GCC_PREPROCESSOR_DEFINITIONS = (
					"DEBUG=1",
					"$(inherited)",
				);
				GCC_SYMBOLS_PRIVATE_EXTERN = NO;
				GCC_WARN_64_TO_32_BIT_CONVERSION = YES;
				GCC_WARN_ABOUT_RETURN_TYPE = YES_ERROR;
				GCC_WARN_UNDECLARED_SELECTOR = YES;
				GCC_WARN_UNINITIALIZED_AUTOS = YES_AGGRESSIVE;
				GCC_WARN_UNUSED_FUNCTION = YES;
				GCC_WARN_UNUSED_VARIABLE = YES;
				IPHONEOS_DEPLOYMENT_TARGET = 7.1;
				ONLY_ACTIVE_ARCH = YES;
				SDKROOT = iphoneos;
			};
			name = Debug;
		};
		B7E7546A1991D834001F0733 /* Release */ = {
			isa = XCBuildConfiguration;
			buildSettings = {
				ALWAYS_SEARCH_USER_PATHS = NO;
				CLANG_CXX_LANGUAGE_STANDARD = "gnu++0x";
				CLANG_CXX_LIBRARY = "libc++";
				CLANG_ENABLE_MODULES = YES;
				CLANG_ENABLE_OBJC_ARC = YES;
				CLANG_WARN_BOOL_CONVERSION = YES;
				CLANG_WARN_CONSTANT_CONVERSION = YES;
				CLANG_WARN_DIRECT_OBJC_ISA_USAGE = YES_ERROR;
				CLANG_WARN_EMPTY_BODY = YES;
				CLANG_WARN_ENUM_CONVERSION = YES;
				CLANG_WARN_INT_CONVERSION = YES;
				CLANG_WARN_OBJC_ROOT_CLASS = YES_ERROR;
				CLANG_WARN__DUPLICATE_METHOD_MATCH = YES;
				"CODE_SIGN_IDENTITY[sdk=iphoneos*]" = "iPhone Developer";
				COPY_PHASE_STRIP = YES;
				ENABLE_NS_ASSERTIONS = NO;
				GCC_C_LANGUAGE_STANDARD = gnu99;
				GCC_WARN_64_TO_32_BIT_CONVERSION = YES;
				GCC_WARN_ABOUT_RETURN_TYPE = YES_ERROR;
				GCC_WARN_UNDECLARED_SELECTOR = YES;
				GCC_WARN_UNINITIALIZED_AUTOS = YES_AGGRESSIVE;
				GCC_WARN_UNUSED_FUNCTION = YES;
				GCC_WARN_UNUSED_VARIABLE = YES;
				IPHONEOS_DEPLOYMENT_TARGET = 7.1;
				SDKROOT = iphoneos;
				VALIDATE_PRODUCT = YES;
			};
			name = Release;
		};
		B7E7546C1991D834001F0733 /* Debug */ = {
			isa = XCBuildConfiguration;
			buildSettings = {
				ASSETCATALOG_COMPILER_APPICON_NAME = AppIcon;
				ASSETCATALOG_COMPILER_LAUNCHIMAGE_NAME = LaunchImage;
				GCC_PRECOMPILE_PREFIX_HEADER = YES;
				GCC_PREFIX_HEADER = "grouppurchase/grouppurchase-Prefix.pch";
				INFOPLIST_FILE = "grouppurchase/grouppurchase-Info.plist";
				PRODUCT_NAME = "$(TARGET_NAME)";
				WRAPPER_EXTENSION = app;
			};
			name = Debug;
		};
		B7E7546D1991D834001F0733 /* Release */ = {
			isa = XCBuildConfiguration;
			buildSettings = {
				ASSETCATALOG_COMPILER_APPICON_NAME = AppIcon;
				ASSETCATALOG_COMPILER_LAUNCHIMAGE_NAME = LaunchImage;
				GCC_PRECOMPILE_PREFIX_HEADER = YES;
				GCC_PREFIX_HEADER = "grouppurchase/grouppurchase-Prefix.pch";
				INFOPLIST_FILE = "grouppurchase/grouppurchase-Info.plist";
				PRODUCT_NAME = "$(TARGET_NAME)";
				WRAPPER_EXTENSION = app;
			};
			name = Release;
		};
		B7E7546F1991D834001F0733 /* Debug */ = {
			isa = XCBuildConfiguration;
			buildSettings = {
				BUNDLE_LOADER = "$(BUILT_PRODUCTS_DIR)/grouppurchase.app/grouppurchase";
				FRAMEWORK_SEARCH_PATHS = (
					"$(SDKROOT)/Developer/Library/Frameworks",
					"$(inherited)",
					"$(DEVELOPER_FRAMEWORKS_DIR)",
				);
				GCC_PRECOMPILE_PREFIX_HEADER = YES;
				GCC_PREFIX_HEADER = "grouppurchase/grouppurchase-Prefix.pch";
				GCC_PREPROCESSOR_DEFINITIONS = (
					"DEBUG=1",
					"$(inherited)",
				);
				INFOPLIST_FILE = "grouppurchaseTests/grouppurchaseTests-Info.plist";
				PRODUCT_NAME = "$(TARGET_NAME)";
				TEST_HOST = "$(BUNDLE_LOADER)";
				WRAPPER_EXTENSION = xctest;
			};
			name = Debug;
		};
		B7E754701991D834001F0733 /* Release */ = {
			isa = XCBuildConfiguration;
			buildSettings = {
				BUNDLE_LOADER = "$(BUILT_PRODUCTS_DIR)/grouppurchase.app/grouppurchase";
				FRAMEWORK_SEARCH_PATHS = (
					"$(SDKROOT)/Developer/Library/Frameworks",
					"$(inherited)",
					"$(DEVELOPER_FRAMEWORKS_DIR)",
				);
				GCC_PRECOMPILE_PREFIX_HEADER = YES;
				GCC_PREFIX_HEADER = "grouppurchase/grouppurchase-Prefix.pch";
				INFOPLIST_FILE = "grouppurchaseTests/grouppurchaseTests-Info.plist";
				PRODUCT_NAME = "$(TARGET_NAME)";
				TEST_HOST = "$(BUNDLE_LOADER)";
				WRAPPER_EXTENSION = xctest;
			};
			name = Release;
		};
/* End XCBuildConfiguration section */

/* Begin XCConfigurationList section */
		B7E7543A1991D834001F0733 /* Build configuration list for PBXProject "grouppurchase" */ = {
			isa = XCConfigurationList;
			buildConfigurations = (
				B7E754691991D834001F0733 /* Debug */,
				B7E7546A1991D834001F0733 /* Release */,
			);
			defaultConfigurationIsVisible = 0;
			defaultConfigurationName = Release;
		};
		B7E7546B1991D834001F0733 /* Build configuration list for PBXNativeTarget "grouppurchase" */ = {
			isa = XCConfigurationList;
			buildConfigurations = (
				B7E7546C1991D834001F0733 /* Debug */,
				B7E7546D1991D834001F0733 /* Release */,
			);
			defaultConfigurationIsVisible = 0;
		};
		B7E7546E1991D834001F0733 /* Build configuration list for PBXNativeTarget "grouppurchaseTests" */ = {
			isa = XCConfigurationList;
			buildConfigurations = (
				B7E7546F1991D834001F0733 /* Debug */,
				B7E754701991D834001F0733 /* Release */,
			);
			defaultConfigurationIsVisible = 0;
		};
/* End XCConfigurationList section */
	};
	rootObject = B7E754371991D834001F0733 /* Project object */;
}
