// !$*UTF8*$!
{
	archiveVersion = 1;
	classes = {
	};
	objectVersion = 46;
	objects = {

/* Begin PBXBuildFile section */
		B70B83FE1990F07300F396E1 /* Foundation.framework in Frameworks */ = {isa = PBXBuildFile; fileRef = B70B83FD1990F07300F396E1 /* Foundation.framework */; };
		B70B84001990F07300F396E1 /* CoreGraphics.framework in Frameworks */ = {isa = PBXBuildFile; fileRef = B70B83FF1990F07300F396E1 /* CoreGraphics.framework */; };
		B70B84021990F07300F396E1 /* UIKit.framework in Frameworks */ = {isa = PBXBuildFile; fileRef = B70B84011990F07300F396E1 /* UIKit.framework */; };
		B70B84081990F07300F396E1 /* InfoPlist.strings in Resources */ = {isa = PBXBuildFile; fileRef = B70B84061990F07300F396E1 /* InfoPlist.strings */; };
		B70B840A1990F07300F396E1 /* main.m in Sources */ = {isa = PBXBuildFile; fileRef = B70B84091990F07300F396E1 /* main.m */; };
		B70B840E1990F07300F396E1 /* AppDelegate.m in Sources */ = {isa = PBXBuildFile; fileRef = B70B840D1990F07300F396E1 /* AppDelegate.m */; };
		B70B84111990F07300F396E1 /* Main.storyboard in Resources */ = {isa = PBXBuildFile; fileRef = B70B840F1990F07300F396E1 /* Main.storyboard */; };
		B70B84141990F07300F396E1 /* ViewController.m in Sources */ = {isa = PBXBuildFile; fileRef = B70B84131990F07300F396E1 /* ViewController.m */; };
		B70B84161990F07300F396E1 /* Images.xcassets in Resources */ = {isa = PBXBuildFile; fileRef = B70B84151990F07300F396E1 /* Images.xcassets */; };
		B70B841D1990F07300F396E1 /* XCTest.framework in Frameworks */ = {isa = PBXBuildFile; fileRef = B70B841C1990F07300F396E1 /* XCTest.framework */; };
		B70B841E1990F07300F396E1 /* Foundation.framework in Frameworks */ = {isa = PBXBuildFile; fileRef = B70B83FD1990F07300F396E1 /* Foundation.framework */; };
		B70B841F1990F07300F396E1 /* UIKit.framework in Frameworks */ = {isa = PBXBuildFile; fileRef = B70B84011990F07300F396E1 /* UIKit.framework */; };
		B70B84271990F07400F396E1 /* InfoPlist.strings in Resources */ = {isa = PBXBuildFile; fileRef = B70B84251990F07400F396E1 /* InfoPlist.strings */; };
		B70B84291990F07400F396E1 /* QingMicroTests.m in Sources */ = {isa = PBXBuildFile; fileRef = B70B84281990F07400F396E1 /* QingMicroTests.m */; };
/* End PBXBuildFile section */

/* Begin PBXContainerItemProxy section */
		B70B84201990F07400F396E1 /* PBXContainerItemProxy */ = {
			isa = PBXContainerItemProxy;
			containerPortal = B70B83F21990F07300F396E1 /* Project object */;
			proxyType = 1;
			remoteGlobalIDString = B70B83F91990F07300F396E1;
			remoteInfo = QingMicro;
		};
/* End PBXContainerItemProxy section */

/* Begin PBXFileReference section */
		B70B83FA1990F07300F396E1 /* QingMicro.app */ = {isa = PBXFileReference; explicitFileType = wrapper.application; includeInIndex = 0; path = QingMicro.app; sourceTree = BUILT_PRODUCTS_DIR; };
		B70B83FD1990F07300F396E1 /* Foundation.framework */ = {isa = PBXFileReference; lastKnownFileType = wrapper.framework; name = Foundation.framework; path = System/Library/Frameworks/Foundation.framework; sourceTree = SDKROOT; };
		B70B83FF1990F07300F396E1 /* CoreGraphics.framework */ = {isa = PBXFileReference; lastKnownFileType = wrapper.framework; name = CoreGraphics.framework; path = System/Library/Frameworks/CoreGraphics.framework; sourceTree = SDKROOT; };
		B70B84011990F07300F396E1 /* UIKit.framework */ = {isa = PBXFileReference; lastKnownFileType = wrapper.framework; name = UIKit.framework; path = System/Library/Frameworks/UIKit.framework; sourceTree = SDKROOT; };
		B70B84051990F07300F396E1 /* QingMicro-Info.plist */ = {isa = PBXFileReference; lastKnownFileType = text.plist.xml; path = "QingMicro-Info.plist"; sourceTree = "<group>"; };
		B70B84071990F07300F396E1 /* en */ = {isa = PBXFileReference; lastKnownFileType = text.plist.strings; name = en; path = en.lproj/InfoPlist.strings; sourceTree = "<group>"; };
		B70B84091990F07300F396E1 /* main.m */ = {isa = PBXFileReference; lastKnownFileType = sourcecode.c.objc; path = main.m; sourceTree = "<group>"; };
		B70B840B1990F07300F396E1 /* QingMicro-Prefix.pch */ = {isa = PBXFileReference; lastKnownFileType = sourcecode.c.h; path = "QingMicro-Prefix.pch"; sourceTree = "<group>"; };
		B70B840C1990F07300F396E1 /* AppDelegate.h */ = {isa = PBXFileReference; lastKnownFileType = sourcecode.c.h; path = AppDelegate.h; sourceTree = "<group>"; };
		B70B840D1990F07300F396E1 /* AppDelegate.m */ = {isa = PBXFileReference; lastKnownFileType = sourcecode.c.objc; path = AppDelegate.m; sourceTree = "<group>"; };
		B70B84101990F07300F396E1 /* Base */ = {isa = PBXFileReference; lastKnownFileType = file.storyboard; name = Base; path = Base.lproj/Main.storyboard; sourceTree = "<group>"; };
		B70B84121990F07300F396E1 /* ViewController.h */ = {isa = PBXFileReference; lastKnownFileType = sourcecode.c.h; path = ViewController.h; sourceTree = "<group>"; };
		B70B84131990F07300F396E1 /* ViewController.m */ = {isa = PBXFileReference; lastKnownFileType = sourcecode.c.objc; path = ViewController.m; sourceTree = "<group>"; };
		B70B84151990F07300F396E1 /* Images.xcassets */ = {isa = PBXFileReference; lastKnownFileType = folder.assetcatalog; path = Images.xcassets; sourceTree = "<group>"; };
		B70B841B1990F07300F396E1 /* QingMicroTests.xctest */ = {isa = PBXFileReference; explicitFileType = wrapper.cfbundle; includeInIndex = 0; path = QingMicroTests.xctest; sourceTree = BUILT_PRODUCTS_DIR; };
		B70B841C1990F07300F396E1 /* XCTest.framework */ = {isa = PBXFileReference; lastKnownFileType = wrapper.framework; name = XCTest.framework; path = Library/Frameworks/XCTest.framework; sourceTree = DEVELOPER_DIR; };
		B70B84241990F07400F396E1 /* QingMicroTests-Info.plist */ = {isa = PBXFileReference; lastKnownFileType = text.plist.xml; path = "QingMicroTests-Info.plist"; sourceTree = "<group>"; };
		B70B84261990F07400F396E1 /* en */ = {isa = PBXFileReference; lastKnownFileType = text.plist.strings; name = en; path = en.lproj/InfoPlist.strings; sourceTree = "<group>"; };
		B70B84281990F07400F396E1 /* QingMicroTests.m */ = {isa = PBXFileReference; lastKnownFileType = sourcecode.c.objc; path = QingMicroTests.m; sourceTree = "<group>"; };
/* End PBXFileReference section */

/* Begin PBXFrameworksBuildPhase section */
		B70B83F71990F07300F396E1 /* Frameworks */ = {
			isa = PBXFrameworksBuildPhase;
			buildActionMask = 2147483647;
			files = (
				B70B84001990F07300F396E1 /* CoreGraphics.framework in Frameworks */,
				B70B84021990F07300F396E1 /* UIKit.framework in Frameworks */,
				B70B83FE1990F07300F396E1 /* Foundation.framework in Frameworks */,
			);
			runOnlyForDeploymentPostprocessing = 0;
		};
		B70B84181990F07300F396E1 /* Frameworks */ = {
			isa = PBXFrameworksBuildPhase;
			buildActionMask = 2147483647;
			files = (
				B70B841D1990F07300F396E1 /* XCTest.framework in Frameworks */,
				B70B841F1990F07300F396E1 /* UIKit.framework in Frameworks */,
				B70B841E1990F07300F396E1 /* Foundation.framework in Frameworks */,
			);
			runOnlyForDeploymentPostprocessing = 0;
		};
/* End PBXFrameworksBuildPhase section */

/* Begin PBXGroup section */
		B70B83F11990F07300F396E1 = {
			isa = PBXGroup;
			children = (
				B70B84031990F07300F396E1 /* QingMicro */,
				B70B84221990F07400F396E1 /* QingMicroTests */,
				B70B83FC1990F07300F396E1 /* Frameworks */,
				B70B83FB1990F07300F396E1 /* Products */,
			);
			sourceTree = "<group>";
		};
		B70B83FB1990F07300F396E1 /* Products */ = {
			isa = PBXGroup;
			children = (
				B70B83FA1990F07300F396E1 /* QingMicro.app */,
				B70B841B1990F07300F396E1 /* QingMicroTests.xctest */,
			);
			name = Products;
			sourceTree = "<group>";
		};
		B70B83FC1990F07300F396E1 /* Frameworks */ = {
			isa = PBXGroup;
			children = (
				B70B83FD1990F07300F396E1 /* Foundation.framework */,
				B70B83FF1990F07300F396E1 /* CoreGraphics.framework */,
				B70B84011990F07300F396E1 /* UIKit.framework */,
				B70B841C1990F07300F396E1 /* XCTest.framework */,
			);
			name = Frameworks;
			sourceTree = "<group>";
		};
		B70B84031990F07300F396E1 /* QingMicro */ = {
			isa = PBXGroup;
			children = (
				B70B840C1990F07300F396E1 /* AppDelegate.h */,
				B70B840D1990F07300F396E1 /* AppDelegate.m */,
				B70B840F1990F07300F396E1 /* Main.storyboard */,
				B70B84121990F07300F396E1 /* ViewController.h */,
				B70B84131990F07300F396E1 /* ViewController.m */,
				B70B84151990F07300F396E1 /* Images.xcassets */,
				B70B84041990F07300F396E1 /* Supporting Files */,
			);
			path = QingMicro;
			sourceTree = "<group>";
		};
		B70B84041990F07300F396E1 /* Supporting Files */ = {
			isa = PBXGroup;
			children = (
				B70B84051990F07300F396E1 /* QingMicro-Info.plist */,
				B70B84061990F07300F396E1 /* InfoPlist.strings */,
				B70B84091990F07300F396E1 /* main.m */,
				B70B840B1990F07300F396E1 /* QingMicro-Prefix.pch */,
			);
			name = "Supporting Files";
			sourceTree = "<group>";
		};
		B70B84221990F07400F396E1 /* QingMicroTests */ = {
			isa = PBXGroup;
			children = (
				B70B84281990F07400F396E1 /* QingMicroTests.m */,
				B70B84231990F07400F396E1 /* Supporting Files */,
			);
			path = QingMicroTests;
			sourceTree = "<group>";
		};
		B70B84231990F07400F396E1 /* Supporting Files */ = {
			isa = PBXGroup;
			children = (
				B70B84241990F07400F396E1 /* QingMicroTests-Info.plist */,
				B70B84251990F07400F396E1 /* InfoPlist.strings */,
			);
			name = "Supporting Files";
			sourceTree = "<group>";
		};
/* End PBXGroup section */

/* Begin PBXNativeTarget section */
		B70B83F91990F07300F396E1 /* QingMicro */ = {
			isa = PBXNativeTarget;
			buildConfigurationList = B70B842C1990F07400F396E1 /* Build configuration list for PBXNativeTarget "QingMicro" */;
			buildPhases = (
				B70B83F61990F07300F396E1 /* Sources */,
				B70B83F71990F07300F396E1 /* Frameworks */,
				B70B83F81990F07300F396E1 /* Resources */,
			);
			buildRules = (
			);
			dependencies = (
			);
			name = QingMicro;
			productName = QingMicro;
			productReference = B70B83FA1990F07300F396E1 /* QingMicro.app */;
			productType = "com.apple.product-type.application";
		};
		B70B841A1990F07300F396E1 /* QingMicroTests */ = {
			isa = PBXNativeTarget;
			buildConfigurationList = B70B842F1990F07400F396E1 /* Build configuration list for PBXNativeTarget "QingMicroTests" */;
			buildPhases = (
				B70B84171990F07300F396E1 /* Sources */,
				B70B84181990F07300F396E1 /* Frameworks */,
				B70B84191990F07300F396E1 /* Resources */,
			);
			buildRules = (
			);
			dependencies = (
				B70B84211990F07400F396E1 /* PBXTargetDependency */,
			);
			name = QingMicroTests;
			productName = QingMicroTests;
			productReference = B70B841B1990F07300F396E1 /* QingMicroTests.xctest */;
			productType = "com.apple.product-type.bundle.unit-test";
		};
/* End PBXNativeTarget section */

/* Begin PBXProject section */
		B70B83F21990F07300F396E1 /* Project object */ = {
			isa = PBXProject;
			attributes = {
				LastUpgradeCheck = 0510;
				ORGANIZATIONNAME = Personal;
				TargetAttributes = {
					B70B841A1990F07300F396E1 = {
						TestTargetID = B70B83F91990F07300F396E1;
					};
				};
			};
			buildConfigurationList = B70B83F51990F07300F396E1 /* Build configuration list for PBXProject "QingMicro" */;
			compatibilityVersion = "Xcode 3.2";
			developmentRegion = English;
			hasScannedForEncodings = 0;
			knownRegions = (
				en,
				Base,
			);
			mainGroup = B70B83F11990F07300F396E1;
			productRefGroup = B70B83FB1990F07300F396E1 /* Products */;
			projectDirPath = "";
			projectRoot = "";
			targets = (
				B70B83F91990F07300F396E1 /* QingMicro */,
				B70B841A1990F07300F396E1 /* QingMicroTests */,
			);
		};
/* End PBXProject section */

/* Begin PBXResourcesBuildPhase section */
		B70B83F81990F07300F396E1 /* Resources */ = {
			isa = PBXResourcesBuildPhase;
			buildActionMask = 2147483647;
			files = (
				B70B84161990F07300F396E1 /* Images.xcassets in Resources */,
				B70B84081990F07300F396E1 /* InfoPlist.strings in Resources */,
				B70B84111990F07300F396E1 /* Main.storyboard in Resources */,
			);
			runOnlyForDeploymentPostprocessing = 0;
		};
		B70B84191990F07300F396E1 /* Resources */ = {
			isa = PBXResourcesBuildPhase;
			buildActionMask = 2147483647;
			files = (
				B70B84271990F07400F396E1 /* InfoPlist.strings in Resources */,
			);
			runOnlyForDeploymentPostprocessing = 0;
		};
/* End PBXResourcesBuildPhase section */

/* Begin PBXSourcesBuildPhase section */
		B70B83F61990F07300F396E1 /* Sources */ = {
			isa = PBXSourcesBuildPhase;
			buildActionMask = 2147483647;
			files = (
				B70B84141990F07300F396E1 /* ViewController.m in Sources */,
				B70B840E1990F07300F396E1 /* AppDelegate.m in Sources */,
				B70B840A1990F07300F396E1 /* main.m in Sources */,
			);
			runOnlyForDeploymentPostprocessing = 0;
		};
		B70B84171990F07300F396E1 /* Sources */ = {
			isa = PBXSourcesBuildPhase;
			buildActionMask = 2147483647;
			files = (
				B70B84291990F07400F396E1 /* QingMicroTests.m in Sources */,
			);
			runOnlyForDeploymentPostprocessing = 0;
		};
/* End PBXSourcesBuildPhase section */

/* Begin PBXTargetDependency section */
		B70B84211990F07400F396E1 /* PBXTargetDependency */ = {
			isa = PBXTargetDependency;
			target = B70B83F91990F07300F396E1 /* QingMicro */;
			targetProxy = B70B84201990F07400F396E1 /* PBXContainerItemProxy */;
		};
/* End PBXTargetDependency section */

/* Begin PBXVariantGroup section */
		B70B84061990F07300F396E1 /* InfoPlist.strings */ = {
			isa = PBXVariantGroup;
			children = (
				B70B84071990F07300F396E1 /* en */,
			);
			name = InfoPlist.strings;
			sourceTree = "<group>";
		};
		B70B840F1990F07300F396E1 /* Main.storyboard */ = {
			isa = PBXVariantGroup;
			children = (
				B70B84101990F07300F396E1 /* Base */,
			);
			name = Main.storyboard;
			sourceTree = "<group>";
		};
		B70B84251990F07400F396E1 /* InfoPlist.strings */ = {
			isa = PBXVariantGroup;
			children = (
				B70B84261990F07400F396E1 /* en */,
			);
			name = InfoPlist.strings;
			sourceTree = "<group>";
		};
/* End PBXVariantGroup section */

/* Begin XCBuildConfiguration section */
		B70B842A1990F07400F396E1 /* Debug */ = {
			isa = XCBuildConfiguration;
			buildSettings = {
				ALWAYS_SEARCH_USER_PATHS = NO;
				CLANG_CXX_LANGUAGE_STANDARD = "gnu++0x";
				CLANG_CXX_LIBRARY = "libc++";
				CLANG_ENABLE_MODULES = YES;
				CLANG_ENABLE_OBJC_ARC = YES;
				CLANG_WARN_BOOL_CONVERSION = YES;
				CLANG_WARN_CONSTANT_CONVERSION = YES;
				CLANG_WARN_DIRECT_OBJC_ISA_USAGE = YES_ERROR;
				CLANG_WARN_EMPTY_BODY = YES;
				CLANG_WARN_ENUM_CONVERSION = YES;
				CLANG_WARN_INT_CONVERSION = YES;
				CLANG_WARN_OBJC_ROOT_CLASS = YES_ERROR;
				CLANG_WARN__DUPLICATE_METHOD_MATCH = YES;
				"CODE_SIGN_IDENTITY[sdk=iphoneos*]" = "iPhone Developer";
				COPY_PHASE_STRIP = NO;
				GCC_C_LANGUAGE_STANDARD = gnu99;
				GCC_DYNAMIC_NO_PIC = NO;
				GCC_OPTIMIZATION_LEVEL = 0;
				GCC_PREPROCESSOR_DEFINITIONS = (
					"DEBUG=1",
					"$(inherited)",
				);
				GCC_SYMBOLS_PRIVATE_EXTERN = NO;
				GCC_WARN_64_TO_32_BIT_CONVERSION = YES;
				GCC_WARN_ABOUT_RETURN_TYPE = YES_ERROR;
				GCC_WARN_UNDECLARED_SELECTOR = YES;
				GCC_WARN_UNINITIALIZED_AUTOS = YES_AGGRESSIVE;
				GCC_WARN_UNUSED_FUNCTION = YES;
				GCC_WARN_UNUSED_VARIABLE = YES;
				IPHONEOS_DEPLOYMENT_TARGET = 7.1;
				ONLY_ACTIVE_ARCH = YES;
				SDKROOT = iphoneos;
			};
			name = Debug;
		};
		B70B842B1990F07400F396E1 /* Release */ = {
			isa = XCBuildConfiguration;
			buildSettings = {
				ALWAYS_SEARCH_USER_PATHS = NO;
				CLANG_CXX_LANGUAGE_STANDARD = "gnu++0x";
				CLANG_CXX_LIBRARY = "libc++";
				CLANG_ENABLE_MODULES = YES;
				CLANG_ENABLE_OBJC_ARC = YES;
				CLANG_WARN_BOOL_CONVERSION = YES;
				CLANG_WARN_CONSTANT_CONVERSION = YES;
				CLANG_WARN_DIRECT_OBJC_ISA_USAGE = YES_ERROR;
				CLANG_WARN_EMPTY_BODY = YES;
				CLANG_WARN_ENUM_CONVERSION = YES;
				CLANG_WARN_INT_CONVERSION = YES;
				CLANG_WARN_OBJC_ROOT_CLASS = YES_ERROR;
				CLANG_WARN__DUPLICATE_METHOD_MATCH = YES;
				"CODE_SIGN_IDENTITY[sdk=iphoneos*]" = "iPhone Developer";
				COPY_PHASE_STRIP = YES;
				ENABLE_NS_ASSERTIONS = NO;
				GCC_C_LANGUAGE_STANDARD = gnu99;
				GCC_WARN_64_TO_32_BIT_CONVERSION = YES;
				GCC_WARN_ABOUT_RETURN_TYPE = YES_ERROR;
				GCC_WARN_UNDECLARED_SELECTOR = YES;
				GCC_WARN_UNINITIALIZED_AUTOS = YES_AGGRESSIVE;
				GCC_WARN_UNUSED_FUNCTION = YES;
				GCC_WARN_UNUSED_VARIABLE = YES;
				IPHONEOS_DEPLOYMENT_TARGET = 7.1;
				SDKROOT = iphoneos;
				VALIDATE_PRODUCT = YES;
			};
			name = Release;
		};
		B70B842D1990F07400F396E1 /* Debug */ = {
			isa = XCBuildConfiguration;
			buildSettings = {
				ASSETCATALOG_COMPILER_APPICON_NAME = AppIcon;
				ASSETCATALOG_COMPILER_LAUNCHIMAGE_NAME = LaunchImage;
				GCC_PRECOMPILE_PREFIX_HEADER = YES;
				GCC_PREFIX_HEADER = "QingMicro/QingMicro-Prefix.pch";
				INFOPLIST_FILE = "QingMicro/QingMicro-Info.plist";
				PRODUCT_NAME = "$(TARGET_NAME)";
				WRAPPER_EXTENSION = app;
			};
			name = Debug;
		};
		B70B842E1990F07400F396E1 /* Release */ = {
			isa = XCBuildConfiguration;
			buildSettings = {
				ASSETCATALOG_COMPILER_APPICON_NAME = AppIcon;
				ASSETCATALOG_COMPILER_LAUNCHIMAGE_NAME = LaunchImage;
				GCC_PRECOMPILE_PREFIX_HEADER = YES;
				GCC_PREFIX_HEADER = "QingMicro/QingMicro-Prefix.pch";
				INFOPLIST_FILE = "QingMicro/QingMicro-Info.plist";
				PRODUCT_NAME = "$(TARGET_NAME)";
				WRAPPER_EXTENSION = app;
			};
			name = Release;
		};
		B70B84301990F07400F396E1 /* Debug */ = {
			isa = XCBuildConfiguration;
			buildSettings = {
				BUNDLE_LOADER = "$(BUILT_PRODUCTS_DIR)/QingMicro.app/QingMicro";
				FRAMEWORK_SEARCH_PATHS = (
					"$(SDKROOT)/Developer/Library/Frameworks",
					"$(inherited)",
					"$(DEVELOPER_FRAMEWORKS_DIR)",
				);
				GCC_PRECOMPILE_PREFIX_HEADER = YES;
				GCC_PREFIX_HEADER = "QingMicro/QingMicro-Prefix.pch";
				GCC_PREPROCESSOR_DEFINITIONS = (
					"DEBUG=1",
					"$(inherited)",
				);
				INFOPLIST_FILE = "QingMicroTests/QingMicroTests-Info.plist";
				PRODUCT_NAME = "$(TARGET_NAME)";
				TEST_HOST = "$(BUNDLE_LOADER)";
				WRAPPER_EXTENSION = xctest;
			};
			name = Debug;
		};
		B70B84311990F07400F396E1 /* Release */ = {
			isa = XCBuildConfiguration;
			buildSettings = {
				BUNDLE_LOADER = "$(BUILT_PRODUCTS_DIR)/QingMicro.app/QingMicro";
				FRAMEWORK_SEARCH_PATHS = (
					"$(SDKROOT)/Developer/Library/Frameworks",
					"$(inherited)",
					"$(DEVELOPER_FRAMEWORKS_DIR)",
				);
				GCC_PRECOMPILE_PREFIX_HEADER = YES;
				GCC_PREFIX_HEADER = "QingMicro/QingMicro-Prefix.pch";
				INFOPLIST_FILE = "QingMicroTests/QingMicroTests-Info.plist";
				PRODUCT_NAME = "$(TARGET_NAME)";
				TEST_HOST = "$(BUNDLE_LOADER)";
				WRAPPER_EXTENSION = xctest;
			};
			name = Release;
		};
/* End XCBuildConfiguration section */

/* Begin XCConfigurationList section */
		B70B83F51990F07300F396E1 /* Build configuration list for PBXProject "QingMicro" */ = {
			isa = XCConfigurationList;
			buildConfigurations = (
				B70B842A1990F07400F396E1 /* Debug */,
				B70B842B1990F07400F396E1 /* Release */,
			);
			defaultConfigurationIsVisible = 0;
			defaultConfigurationName = Release;
		};
		B70B842C1990F07400F396E1 /* Build configuration list for PBXNativeTarget "QingMicro" */ = {
			isa = XCConfigurationList;
			buildConfigurations = (
				B70B842D1990F07400F396E1 /* Debug */,
				B70B842E1990F07400F396E1 /* Release */,
			);
			defaultConfigurationIsVisible = 0;
		};
		B70B842F1990F07400F396E1 /* Build configuration list for PBXNativeTarget "QingMicroTests" */ = {
			isa = XCConfigurationList;
			buildConfigurations = (
				B70B84301990F07400F396E1 /* Debug */,
				B70B84311990F07400F396E1 /* Release */,
			);
			defaultConfigurationIsVisible = 0;
		};
/* End XCConfigurationList section */
	};
	rootObject = B70B83F21990F07300F396E1 /* Project object */;
}
